<?xml version="1.0" encoding="utf-8"?>
<Project ToolsVersion="4.0" xmlns="http://schemas.microsoft.com/developer/msbuild/2003">
  <ItemGroup>
    <Filter Include="Core">
      <UniqueIdentifier>{0c808e4e-59ca-4b11-9929-1ef4f4f1ccfb}</UniqueIdentifier>
    </Filter>
    <Filter Include="Editor">
      <UniqueIdentifier>{00ab7219-e92d-40b1-9b16-bddb99fabe9a}</UniqueIdentifier>
    </Filter>
    <Filter Include="Editor\Includes">
      <UniqueIdentifier>{4e5e4ba1-daa1-4eeb-aa1f-02a64c883f22}</UniqueIdentifier>
    </Filter>
    <Filter Include="Editor\Sources">
      <UniqueIdentifier>{731d974a-4b80-41c8-91da-428834da774d}</UniqueIdentifier>
    </Filter>
    <Filter Include="Core\Includes">
      <UniqueIdentifier>{9345d9c1-3050-4813-b43f-7e67939c54ae}</UniqueIdentifier>
    </Filter>
    <Filter Include="Core\Sources">
      <UniqueIdentifier>{b32ed077-fca2-45c1-9be2-ed48cdcfd199}</UniqueIdentifier>
    </Filter>
    <Filter Include="Core\Sources\Animation">
      <UniqueIdentifier>{fecc25b5-9130-4378-ad79-63e2ff6b9ea7}</UniqueIdentifier>
    </Filter>
    <Filter Include="Core\Sources\LogSystem">
      <UniqueIdentifier>{2402792b-6117-44be-8ece-3d469e49af23}</UniqueIdentifier>
    </Filter>
    <Filter Include="Core\Sources\Physics">
      <UniqueIdentifier>{49e382dc-e392-4180-bff5-8fc666a9b531}</UniqueIdentifier>
    </Filter>
    <Filter Include="Core\Sources\Png">
      <UniqueIdentifier>{8e8cd0a7-9f3d-4458-aad9-e2c7192ba58f}</UniqueIdentifier>
    </Filter>
    <Filter Include="Core\Sources\Render">
      <UniqueIdentifier>{e68fd048-5eab-4737-a9b5-fe67007d2b61}</UniqueIdentifier>
    </Filter>
    <Filter Include="Core\Sources\System">
      <UniqueIdentifier>{e7d61108-887d-4277-94a3-9b92dfcc25f1}</UniqueIdentifier>
    </Filter>
    <Filter Include="Core\Sources\Types">
      <UniqueIdentifier>{8d4dcf54-868f-4440-89fe-00ba46f5fd17}</UniqueIdentifier>
    </Filter>
    <Filter Include="Core\Includes\Animation">
      <UniqueIdentifier>{993fea4a-a28c-4497-b642-0ff7fdf71ca9}</UniqueIdentifier>
    </Filter>
    <Filter Include="Core\Includes\LogSystem">
      <UniqueIdentifier>{ca7774dc-bb9a-4251-bf03-bdb8774b512c}</UniqueIdentifier>
    </Filter>
    <Filter Include="Core\Includes\Physics">
      <UniqueIdentifier>{c70249b5-9934-42c8-83f7-32917d00aa6e}</UniqueIdentifier>
    </Filter>
    <Filter Include="Core\Includes\Png">
      <UniqueIdentifier>{39b29911-ebb5-4b24-9ef4-b48e53a92432}</UniqueIdentifier>
    </Filter>
    <Filter Include="Core\Includes\Render">
      <UniqueIdentifier>{ac415d56-3705-46d8-8966-4058c380cbb4}</UniqueIdentifier>
    </Filter>
    <Filter Include="Core\Includes\System">
      <UniqueIdentifier>{5da29ad6-aebe-4ec6-91cf-c0fc123c22ce}</UniqueIdentifier>
    </Filter>
    <Filter Include="Core\Includes\Types">
      <UniqueIdentifier>{b3f5a438-ba1b-4a5e-bf4e-711807dfbfc7}</UniqueIdentifier>
    </Filter>
    <Filter Include="Core\Sources\System\GearVR">
      <UniqueIdentifier>{c8860adc-0357-4917-a342-2c38229a7477}</UniqueIdentifier>
    </Filter>
    <Filter Include="Core\Includes\System\GearVR">
      <UniqueIdentifier>{ea501d93-b069-4516-aa4f-f20c08291406}</UniqueIdentifier>
    </Filter>
    <Filter Include="System">
      <UniqueIdentifier>{2bae47d2-9be6-44e8-8c2b-93172aeb0781}</UniqueIdentifier>
    </Filter>
    <Filter Include="ExternalSources">
      <UniqueIdentifier>{ea11b1df-3122-4182-b7ed-ffcb0ad38f7b}</UniqueIdentifier>
    </Filter>
    <Filter Include="ExternalSources\imgui">
      <UniqueIdentifier>{51d6f961-8525-4f35-a3ae-4f2b83d6f05e}</UniqueIdentifier>
    </Filter>
    <Filter Include="ExternalSources\fbxconv">
      <UniqueIdentifier>{d08a6070-9931-4261-8cd0-ee7cab118a0e}</UniqueIdentifier>
    </Filter>
    <Filter Include="ExternalSources\dxtlib">
      <UniqueIdentifier>{409e3f2c-c19b-4ed3-a3aa-7745c031ce19}</UniqueIdentifier>
    </Filter>
  </ItemGroup>
  <ItemGroup>
    <ClInclude Include="Editor\Includes\AssetExporter.h">
      <Filter>Editor\Includes</Filter>
    </ClInclude>
    <ClInclude Include="Editor\Includes\AssetManager.h">
      <Filter>Editor\Includes</Filter>
    </ClInclude>
    <ClInclude Include="Editor\Includes\CopyExporter.h">
      <Filter>Editor\Includes</Filter>
    </ClInclude>
    <ClInclude Include="Editor\Includes\FbxExporter.h">
      <Filter>Editor\Includes</Filter>
    </ClInclude>
    <ClInclude Include="Editor\Includes\MtlExporter.h">
      <Filter>Editor\Includes</Filter>
    </ClInclude>
    <ClInclude Include="Editor\Includes\ObjExporter.h">
      <Filter>Editor\Includes</Filter>
    </ClInclude>
    <ClInclude Include="Editor\Includes\TextureExporter.h">
      <Filter>Editor\Includes</Filter>
    </ClInclude>
    <ClInclude Include="Core\Includes\Physics\BulletPhysicsSystem.h">
      <Filter>Core\Includes\Physics</Filter>
    </ClInclude>
    <ClInclude Include="Core\Includes\Physics\ColliderNode.h">
      <Filter>Core\Includes\Physics</Filter>
    </ClInclude>
    <ClInclude Include="Core\Includes\Physics\PhysicsSystem.h">
      <Filter>Core\Includes\Physics</Filter>
    </ClInclude>
    <ClInclude Include="Core\Includes\Png\lodepng.h">
      <Filter>Core\Includes\Png</Filter>
    </ClInclude>
    <ClInclude Include="Core\Includes\Render\Camera.h">
      <Filter>Core\Includes\Render</Filter>
    </ClInclude>
    <ClInclude Include="Core\Includes\Render\Font.h">
      <Filter>Core\Includes\Render</Filter>
    </ClInclude>
    <ClInclude Include="Core\Includes\Render\FontSerializer.h">
      <Filter>Core\Includes\Render</Filter>
    </ClInclude>
    <ClInclude Include="Core\Includes\Render\IndexBuffer.h">
      <Filter>Core\Includes\Render</Filter>
    </ClInclude>
    <ClInclude Include="Core\Includes\Render\Material.h">
      <Filter>Core\Includes\Render</Filter>
    </ClInclude>
    <ClInclude Include="Core\Includes\Render\MaterialHelper.h">
      <Filter>Core\Includes\Render</Filter>
    </ClInclude>
    <ClInclude Include="Core\Includes\Render\MaterialSerializer.h">
      <Filter>Core\Includes\Render</Filter>
    </ClInclude>
    <ClInclude Include="Core\Includes\Render\Mesh.h">
      <Filter>Core\Includes\Render</Filter>
    </ClInclude>
    <ClInclude Include="Core\Includes\Render\MeshHelper.h">
      <Filter>Core\Includes\Render</Filter>
    </ClInclude>
    <ClInclude Include="Core\Includes\Render\MeshRenderNode.h">
      <Filter>Core\Includes\Render</Filter>
    </ClInclude>
    <ClInclude Include="Core\Includes\Render\MeshSerializer.h">
      <Filter>Core\Includes\Render</Filter>
    </ClInclude>
    <ClInclude Include="Core\Includes\Render\Picture.h">
      <Filter>Core\Includes\Render</Filter>
    </ClInclude>
    <ClInclude Include="Core\Includes\Render\Renderer.h">
      <Filter>Core\Includes\Render</Filter>
    </ClInclude>
    <ClInclude Include="Core\Includes\Render\RenderPipeline.h">
      <Filter>Core\Includes\Render</Filter>
    </ClInclude>
    <ClInclude Include="Core\Includes\Render\RenderTarget.h">
      <Filter>Core\Includes\Render</Filter>
    </ClInclude>
    <ClInclude Include="Core\Includes\Render\RenderWindow.h">
      <Filter>Core\Includes\Render</Filter>
    </ClInclude>
    <ClInclude Include="Core\Includes\Render\Shader.h">
      <Filter>Core\Includes\Render</Filter>
    </ClInclude>
    <ClInclude Include="Core\Includes\Render\ShaderProgram.h">
      <Filter>Core\Includes\Render</Filter>
    </ClInclude>
    <ClInclude Include="Core\Includes\Render\ShaderProgramSerializer.h">
      <Filter>Core\Includes\Render</Filter>
    </ClInclude>
    <ClInclude Include="Core\Includes\Render\ShaderSerializer.h">
      <Filter>Core\Includes\Render</Filter>
    </ClInclude>
    <ClInclude Include="Core\Includes\Render\SkinnedMeshRenderNode.h">
      <Filter>Core\Includes\Render</Filter>
    </ClInclude>
    <ClInclude Include="Core\Includes\Render\TextMesh.h">
      <Filter>Core\Includes\Render</Filter>
    </ClInclude>
    <ClInclude Include="Core\Includes\Render\Texture.h">
      <Filter>Core\Includes\Render</Filter>
    </ClInclude>
    <ClInclude Include="Core\Includes\Render\TextureSerializer.h">
      <Filter>Core\Includes\Render</Filter>
    </ClInclude>
    <ClInclude Include="Core\Includes\Render\VertexBuffer.h">
      <Filter>Core\Includes\Render</Filter>
    </ClInclude>
    <ClInclude Include="Core\Includes\System\OperatingSystem.h">
      <Filter>Core\Includes\System</Filter>
    </ClInclude>
    <ClInclude Include="Core\Includes\System\Thread.h">
      <Filter>Core\Includes\System</Filter>
    </ClInclude>
    <ClInclude Include="Core\Includes\System\GearVR\WhiteBoxGearLibrary.h">
      <Filter>Core\Includes\System\GearVR</Filter>
    </ClInclude>
    <ClInclude Include="Core\Includes\Types\Array.h">
      <Filter>Core\Includes\Types</Filter>
    </ClInclude>
    <ClInclude Include="Core\Includes\Types\BitArray.h">
      <Filter>Core\Includes\Types</Filter>
    </ClInclude>
    <ClInclude Include="Core\Includes\Types\HashMap.h">
      <Filter>Core\Includes\Types</Filter>
    </ClInclude>
    <ClInclude Include="Core\Includes\Types\SparseArray.h">
      <Filter>Core\Includes\Types</Filter>
    </ClInclude>
    <ClInclude Include="Core\Includes\LogSystem\LogSystem.h">
      <Filter>Core\Includes\LogSystem</Filter>
    </ClInclude>
    <ClInclude Include="Core\Includes\Animation\Animation.h">
      <Filter>Core\Includes\Animation</Filter>
    </ClInclude>
    <ClInclude Include="Core\Includes\Animation\AnimationSerializer.h">
      <Filter>Core\Includes\Animation</Filter>
    </ClInclude>
    <ClInclude Include="Core\Includes\Animation\AnimationTrack.h">
      <Filter>Core\Includes\Animation</Filter>
    </ClInclude>
    <ClInclude Include="Core\Includes\Animation\Skeleton.h">
      <Filter>Core\Includes\Animation</Filter>
    </ClInclude>
    <ClInclude Include="Core\Includes\Animation\SkeletonSerializer.h">
      <Filter>Core\Includes\Animation</Filter>
    </ClInclude>
    <ClInclude Include="System\stdafx.h">
      <Filter>System</Filter>
    </ClInclude>
    <ClInclude Include="System\targetver.h">
      <Filter>System</Filter>
    </ClInclude>
  </ItemGroup>
  <ItemGroup>
    <ClCompile Include="Editor\Sources\AssetExporter.cpp">
      <Filter>Editor\Sources</Filter>
    </ClCompile>
    <ClCompile Include="Editor\Sources\AssetManager.cpp">
      <Filter>Editor\Sources</Filter>
    </ClCompile>
    <ClCompile Include="Editor\Sources\CopyExporter.cpp">
      <Filter>Editor\Sources</Filter>
    </ClCompile>
    <ClCompile Include="Editor\Sources\FbxExporter.cpp">
      <Filter>Editor\Sources</Filter>
    </ClCompile>
    <ClCompile Include="Editor\Sources\main.cpp">
      <Filter>Editor\Sources</Filter>
    </ClCompile>
    <ClCompile Include="Editor\Sources\MtlExporter.cpp">
      <Filter>Editor\Sources</Filter>
    </ClCompile>
    <ClCompile Include="Editor\Sources\ObjExporter.cpp">
      <Filter>Editor\Sources</Filter>
    </ClCompile>
    <ClCompile Include="Editor\Sources\TextureExporter.cpp">
      <Filter>Editor\Sources</Filter>
    </ClCompile>
    <ClCompile Include="Core\Sources\Animation\Animation.cpp">
      <Filter>Core\Sources\Animation</Filter>
    </ClCompile>
    <ClCompile Include="Core\Sources\Animation\AnimationSerializer.cpp">
      <Filter>Core\Sources\Animation</Filter>
    </ClCompile>
    <ClCompile Include="Core\Sources\Animation\AnimationTrack.cpp">
      <Filter>Core\Sources\Animation</Filter>
    </ClCompile>
    <ClCompile Include="Core\Sources\Animation\Skeleton.cpp">
      <Filter>Core\Sources\Animation</Filter>
    </ClCompile>
    <ClCompile Include="Core\Sources\Animation\SkeletonSerializer.cpp">
      <Filter>Core\Sources\Animation</Filter>
    </ClCompile>
    <ClCompile Include="Core\Sources\LogSystem\LogSystem.cpp">
      <Filter>Core\Sources\LogSystem</Filter>
    </ClCompile>
    <ClCompile Include="Core\Sources\Types\WhiteBoxString.cpp">
      <Filter>Core\Sources\Types</Filter>
    </ClCompile>
    <ClCompile Include="Core\Sources\System\FileSystem.cpp">
      <Filter>Core\Sources\System</Filter>
    </ClCompile>
    <ClCompile Include="Core\Sources\System\OperatingSystem.cpp">
      <Filter>Core\Sources\System</Filter>
    </ClCompile>
    <ClCompile Include="Core\Sources\System\Thread.cpp">
      <Filter>Core\Sources\System</Filter>
    </ClCompile>
    <ClCompile Include="Core\Sources\System\GearVR\GearVR_AndroidApp.cpp">
      <Filter>Core\Sources\System\GearVR</Filter>
    </ClCompile>
    <ClCompile Include="Core\Sources\System\GearVR\GearVR_OperatingSystem.cpp">
      <Filter>Core\Sources\System\GearVR</Filter>
    </ClCompile>
    <ClCompile Include="Core\Sources\System\GearVR\GearVR_ReadFromAPK.cpp">
      <Filter>Core\Sources\System\GearVR</Filter>
    </ClCompile>
    <ClCompile Include="Core\Sources\System\GearVR\WhiteBoxGearLibrary.cpp">
      <Filter>Core\Sources\System\GearVR</Filter>
    </ClCompile>
    <ClCompile Include="Core\Sources\Render\Font.cpp">
      <Filter>Core\Sources\Render</Filter>
    </ClCompile>
    <ClCompile Include="Core\Sources\Render\FontSerializer.cpp">
      <Filter>Core\Sources\Render</Filter>
    </ClCompile>
    <ClCompile Include="Core\Sources\Render\IndexBuffer.cpp">
      <Filter>Core\Sources\Render</Filter>
    </ClCompile>
    <ClCompile Include="Core\Sources\Render\Material.cpp">
      <Filter>Core\Sources\Render</Filter>
    </ClCompile>
    <ClCompile Include="Core\Sources\Render\MaterialHelper.cpp">
      <Filter>Core\Sources\Render</Filter>
    </ClCompile>
    <ClCompile Include="Core\Sources\Render\MaterialSerializer.cpp">
      <Filter>Core\Sources\Render</Filter>
    </ClCompile>
    <ClCompile Include="Core\Sources\Render\Mesh.cpp">
      <Filter>Core\Sources\Render</Filter>
    </ClCompile>
    <ClCompile Include="Core\Sources\Render\MeshHelper.cpp">
      <Filter>Core\Sources\Render</Filter>
    </ClCompile>
    <ClCompile Include="Core\Sources\Render\MeshRenderNode.cpp">
      <Filter>Core\Sources\Render</Filter>
    </ClCompile>
    <ClCompile Include="Core\Sources\Render\MeshSerializer.cpp">
      <Filter>Core\Sources\Render</Filter>
    </ClCompile>
    <ClCompile Include="Core\Sources\Render\Picture.cpp">
      <Filter>Core\Sources\Render</Filter>
    </ClCompile>
    <ClCompile Include="Core\Sources\Render\Renderer.cpp">
      <Filter>Core\Sources\Render</Filter>
    </ClCompile>
    <ClCompile Include="Core\Sources\Render\RenderPipeline.cpp">
      <Filter>Core\Sources\Render</Filter>
    </ClCompile>
    <ClCompile Include="Core\Sources\Render\RenderWindow.cpp">
      <Filter>Core\Sources\Render</Filter>
    </ClCompile>
    <ClCompile Include="Core\Sources\Render\Shader.cpp">
      <Filter>Core\Sources\Render</Filter>
    </ClCompile>
    <ClCompile Include="Core\Sources\Render\ShaderProgram.cpp">
      <Filter>Core\Sources\Render</Filter>
    </ClCompile>
    <ClCompile Include="Core\Sources\Render\ShaderProgramSerializer.cpp">
      <Filter>Core\Sources\Render</Filter>
    </ClCompile>
    <ClCompile Include="Core\Sources\Render\ShaderSerializer.cpp">
      <Filter>Core\Sources\Render</Filter>
    </ClCompile>
    <ClCompile Include="Core\Sources\Render\SkinnedMeshRenderNode.cpp">
      <Filter>Core\Sources\Render</Filter>
    </ClCompile>
    <ClCompile Include="Core\Sources\Render\TextMesh.cpp">
      <Filter>Core\Sources\Render</Filter>
    </ClCompile>
    <ClCompile Include="Core\Sources\Render\Texture.cpp">
      <Filter>Core\Sources\Render</Filter>
    </ClCompile>
    <ClCompile Include="Core\Sources\Render\TextureSerializer.cpp">
      <Filter>Core\Sources\Render</Filter>
    </ClCompile>
    <ClCompile Include="Core\Sources\Render\VertexBuffer.cpp">
      <Filter>Core\Sources\Render</Filter>
    </ClCompile>
    <ClCompile Include="Core\Sources\Png\lodepng.cpp">
      <Filter>Core\Sources\Png</Filter>
    </ClCompile>
    <ClCompile Include="Core\Sources\Physics\ColliderNode.cpp">
      <Filter>Core\Sources\Physics</Filter>
    </ClCompile>
    <ClCompile Include="Core\Sources\Application.cpp">
      <Filter>Core\Sources</Filter>
    </ClCompile>
    <ClCompile Include="Core\Sources\Behavior.cpp">
      <Filter>Core\Sources</Filter>
    </ClCompile>
    <ClCompile Include="Core\Sources\Camera.cpp">
      <Filter>Core\Sources</Filter>
    </ClCompile>
    <ClCompile Include="Core\Sources\DataStream.cpp">
      <Filter>Core\Sources</Filter>
    </ClCompile>
    <ClCompile Include="Core\Sources\Engine.cpp">
      <Filter>Core\Sources</Filter>
    </ClCompile>
    <ClCompile Include="Core\Sources\FontSystem.cpp">
      <Filter>Core\Sources</Filter>
    </ClCompile>
    <ClCompile Include="Core\Sources\GlobalVariables.cpp">
      <Filter>Core\Sources</Filter>
    </ClCompile>
    <ClCompile Include="Core\Sources\Maths.cpp">
      <Filter>Core\Sources</Filter>
    </ClCompile>
    <ClCompile Include="Core\Sources\ResourceDescriptor.cpp">
      <Filter>Core\Sources</Filter>
    </ClCompile>
    <ClCompile Include="Core\Sources\ResourceManager.cpp">
      <Filter>Core\Sources</Filter>
    </ClCompile>
    <ClCompile Include="Core\Sources\ResourcePointer.cpp">
      <Filter>Core\Sources</Filter>
    </ClCompile>
    <ClCompile Include="Core\Sources\ResourceSpecificManager.cpp">
      <Filter>Core\Sources</Filter>
    </ClCompile>
    <ClCompile Include="Core\Sources\SceneNode.cpp">
      <Filter>Core\Sources</Filter>
    </ClCompile>
    <ClCompile Include="Core\Sources\Script.cpp">
      <Filter>Core\Sources</Filter>
    </ClCompile>
    <ClCompile Include="Core\Sources\ScriptResourceSerializer.cpp">
      <Filter>Core\Sources</Filter>
    </ClCompile>
    <ClCompile Include="Core\Sources\ScriptSerializer.cpp">
      <Filter>Core\Sources</Filter>
    </ClCompile>
    <ClCompile Include="Core\Sources\Tokenizer.cpp">
      <Filter>Core\Sources</Filter>
    </ClCompile>
    <ClCompile Include="System\dllmain.cpp">
      <Filter>System</Filter>
    </ClCompile>
    <ClCompile Include="System\EngineMain.cpp">
      <Filter>System</Filter>
    </ClCompile>
    <ClCompile Include="System\stdafx.cpp">
      <Filter>System</Filter>
    </ClCompile>
    <ClCompile Include="Core\Externals\imgui\imgui.cpp">
      <Filter>ExternalSources\imgui</Filter>
    </ClCompile>
    <ClCompile Include="Core\Externals\imgui\imgui_draw.cpp">
      <Filter>ExternalSources\imgui</Filter>
    </ClCompile>
    <ClCompile Include="Core\Externals\imgui\imgui_impl_opengl3.cpp">
      <Filter>ExternalSources\imgui</Filter>
    </ClCompile>
    <ClCompile Include="Core\Externals\imgui\imgui_impl_sdl.cpp">
      <Filter>ExternalSources\imgui</Filter>
    </ClCompile>
    <ClCompile Include="Core\Externals\imgui\imgui_widgets.cpp">
      <Filter>ExternalSources\imgui</Filter>
    </ClCompile>
    <ClCompile Include="Editor\Externals\FbxConv\src\main.cpp">
      <Filter>ExternalSources\fbxconv</Filter>
    </ClCompile>
    <ClCompile Include="Editor\Externals\FbxConv\src\modeldata\Serialization.cpp">
      <Filter>ExternalSources\fbxconv</Filter>
    </ClCompile>
    <ClCompile Include="Editor\Externals\DDS\image_DXT.cpp">
      <Filter>ExternalSources\dxtlib</Filter>
    </ClCompile>
  </ItemGroup>
</Project>