<?xml version="1.0" encoding="utf-8"?>
<Project ToolsVersion="4.0" xmlns="http://schemas.microsoft.com/developer/msbuild/2003">
  <ItemGroup>
    <Filter Include="Sources">
      <UniqueIdentifier>{4FC737F1-C7A5-4376-A066-2A32D752A2FF}</UniqueIdentifier>
      <Extensions>cpp;c;cc;cxx;def;odl;idl;hpj;bat;asm;asmx</Extensions>
    </Filter>
    <Filter Include="Includes">
      <UniqueIdentifier>{93995380-89BD-4b04-88EB-625FBE52EBFB}</UniqueIdentifier>
      <Extensions>h;hh;hpp;hxx;hm;inl;inc;xsd</Extensions>
    </Filter>
    <Filter Include="Includes\Utils">
      <UniqueIdentifier>{34087df5-8f11-45d5-bd4c-3fa4913d71ea}</UniqueIdentifier>
    </Filter>
    <Filter Include="Includes\System">
      <UniqueIdentifier>{3dab6ea1-d58d-408f-9132-e7a40944f939}</UniqueIdentifier>
    </Filter>
    <Filter Include="Includes\Maths">
      <UniqueIdentifier>{5f4350c9-9662-4c00-8175-5787689f8e37}</UniqueIdentifier>
    </Filter>
    <Filter Include="Sources\Maths">
      <UniqueIdentifier>{e6caa467-65f7-412c-8980-189e42564d41}</UniqueIdentifier>
    </Filter>
  </ItemGroup>
  <ItemGroup>
    <ClInclude Include="Includes\Skeleton.h">
      <Filter>Includes</Filter>
    </ClInclude>
    <ClInclude Include="Includes\Includer.h">
      <Filter>Includes\Utils</Filter>
    </ClInclude>
    <ClInclude Include="Includes\Engine.h">
      <Filter>Includes\System</Filter>
    </ClInclude>
    <ClInclude Include="Includes\Simulation.h">
      <Filter>Includes\System</Filter>
    </ClInclude>
    <ClInclude Include="Includes\Bone.h">
      <Filter>Includes</Filter>
    </ClInclude>
    <ClInclude Include="Includes\Quaternion.h">
      <Filter>Includes\Maths</Filter>
    </ClInclude>
    <ClInclude Include="Includes\Vector3.h">
      <Filter>Includes\Maths</Filter>
    </ClInclude>
    <ClInclude Include="Includes\Maths.h">
      <Filter>Includes\Maths</Filter>
    </ClInclude>
    <ClInclude Include="Includes\Vector2.h">
      <Filter>Includes\Maths</Filter>
    </ClInclude>
    <ClInclude Include="Includes\Vector4.h">
      <Filter>Includes\Maths</Filter>
    </ClInclude>
    <ClInclude Include="Includes\Arithmetic.h">
      <Filter>Includes\Maths</Filter>
    </ClInclude>
    <ClInclude Include="Includes\Color.h">
      <Filter>Includes\Maths</Filter>
    </ClInclude>
    <ClInclude Include="Includes\Matrix.h">
      <Filter>Includes\Maths</Filter>
    </ClInclude>
    <ClInclude Include="Includes\Transform.h">
      <Filter>Includes\Maths</Filter>
    </ClInclude>
    <ClInclude Include="Includes\Vertex.h">
      <Filter>Includes\Maths</Filter>
    </ClInclude>
    <ClInclude Include="Includes\AngleAxis.h">
      <Filter>Includes\Maths</Filter>
    </ClInclude>
  </ItemGroup>
  <ItemGroup>
    <ClCompile Include="Sources\Animation.cpp">
      <Filter>Sources</Filter>
    </ClCompile>
    <ClCompile Include="Sources\Skeleton.cpp">
      <Filter>Sources</Filter>
    </ClCompile>
    <ClCompile Include="Sources\Vector3.cpp">
      <Filter>Sources\Maths</Filter>
    </ClCompile>
    <ClCompile Include="Sources\Quaternion.cpp">
      <Filter>Sources\Maths</Filter>
    </ClCompile>
    <ClCompile Include="Sources\Arithmetic.cpp">
      <Filter>Sources\Maths</Filter>
    </ClCompile>
    <ClCompile Include="Sources\Color.cpp">
      <Filter>Sources\Maths</Filter>
    </ClCompile>
    <ClCompile Include="Sources\Matrix.cpp">
      <Filter>Sources\Maths</Filter>
    </ClCompile>
    <ClCompile Include="Sources\Transform.cpp">
      <Filter>Sources\Maths</Filter>
    </ClCompile>
    <ClCompile Include="Sources\Vector2.cpp">
      <Filter>Sources\Maths</Filter>
    </ClCompile>
    <ClCompile Include="Sources\Vector4.cpp">
      <Filter>Sources\Maths</Filter>
    </ClCompile>
    <ClCompile Include="Sources\AngleAxis.cpp">
      <Filter>Sources\Maths</Filter>
    </ClCompile>
  </ItemGroup>
  <ItemGroup>
    <None Include="Includes\Vector2.inl">
      <Filter>Includes\Maths</Filter>
    </None>
    <None Include="Includes\Vector3.inl">
      <Filter>Includes\Maths</Filter>
    </None>
    <None Include="Includes\Vector4.inl">
      <Filter>Includes\Maths</Filter>
    </None>
    <None Include="Includes\Quaternion.inl">
      <Filter>Includes\Maths</Filter>
    </None>
  </ItemGroup>
</Project>